Microsoft Visual Studio Solution File, Format Version 12.00
# Visual Studio Version 17
VisualStudioVersion = 17.5.2.0
MinimumVisualStudioVersion = 10.0.40219.1
Project("{2150E333-8FDC-42A3-9474-1A3956D46DE8}") = "tests", "tests", "{0AB3BF05-4346-4AA6-1389-037BE0695223}"
EndProject
Project("{FAE04EC0-301F-11D3-BF4B-00C04F79EFBC}") = "Backend.Tests", "tests\Backend.Tests\Backend.Tests.csproj", "{7C371ED7-24DD-7BAB-52C3-DFF5DB225086}"
EndProject
Global
	GlobalSection(SolutionConfigurationPlatforms) = preSolution
		Debug|Any CPU = Debug|Any CPU
		Release|Any CPU = Release|Any CPU
	EndGlobalSection
	GlobalSection(ProjectConfigurationPlatforms) = postSolution
		{7C371ED7-24DD-7BAB-52C3-DFF5DB225086}.Debug|Any CPU.ActiveCfg = Debug|Any CPU
		{7C371ED7-24DD-7BAB-52C3-DFF5DB225086}.Debug|Any CPU.Build.0 = Debug|Any CPU
		{7C371ED7-24DD-7BAB-52C3-DFF5DB225086}.Release|Any CPU.ActiveCfg = Release|Any CPU
		{7C371ED7-24DD-7BAB-52C3-DFF5DB225086}.Release|Any CPU.Build.0 = Release|Any CPU
	EndGlobalSection
	GlobalSection(SolutionProperties) = preSolution
		HideSolutionNode = FALSE
	EndGlobalSection
	GlobalSection(NestedProjects) = preSolution
		{7C371ED7-24DD-7BAB-52C3-DFF5DB225086} = {0AB3BF05-4346-4AA6-1389-037BE0695223}
	EndGlobalSection
	GlobalSection(ExtensibilityGlobals) = postSolution
		SolutionGuid = {61319C60-3618-44C8-B1BE-CF309CF8658F}
	EndGlobalSection
EndGlobal
